// !$*UTF8*$!
{
	archiveVersion = 1;
	classes = {
	};
	objectVersion = 55;
	objects = {

/* Begin PBXBuildFile section */
		06225A76DCF95480DBB1FB43 /* Pods_Neobis_iOS_UIScreens.framework in Frameworks */ = {isa = PBXBuildFile; fileRef = AA56811A4074D390DD14D728 /* Pods_Neobis_iOS_UIScreens.framework */; };
		DC50342F29E2A88E0047269E /* AppDelegate.swift in Sources */ = {isa = PBXBuildFile; fileRef = DC50342E29E2A88E0047269E /* AppDelegate.swift */; };
		DC50343129E2A88E0047269E /* SceneDelegate.swift in Sources */ = {isa = PBXBuildFile; fileRef = DC50343029E2A88E0047269E /* SceneDelegate.swift */; };
		DC50343329E2A88E0047269E /* MainViewController.swift in Sources */ = {isa = PBXBuildFile; fileRef = DC50343229E2A88E0047269E /* MainViewController.swift */; };
		DC50343629E2A88E0047269E /* Main.storyboard in Resources */ = {isa = PBXBuildFile; fileRef = DC50343429E2A88E0047269E /* Main.storyboard */; };
		DC50343829E2A8910047269E /* Assets.xcassets in Resources */ = {isa = PBXBuildFile; fileRef = DC50343729E2A8910047269E /* Assets.xcassets */; };
		DC50343B29E2A8910047269E /* LaunchScreen.storyboard in Resources */ = {isa = PBXBuildFile; fileRef = DC50343929E2A8910047269E /* LaunchScreen.storyboard */; };
		DC50344629E2B7BD0047269E /* MainViewCell.swift in Sources */ = {isa = PBXBuildFile; fileRef = DC50344529E2B7BD0047269E /* MainViewCell.swift */; };
		DC50344B29E2D8700047269E /* SinglesCollectionViewController.swift in Sources */ = {isa = PBXBuildFile; fileRef = DC50344A29E2D8700047269E /* SinglesCollectionViewController.swift */; };
		DC50344E29E2D9690047269E /* SinglesCollectionViewCell.swift in Sources */ = {isa = PBXBuildFile; fileRef = DC50344D29E2D9690047269E /* SinglesCollectionViewCell.swift */; };
		DC50345029E2DA780047269E /* SinglesCollectionViewHeader.swift in Sources */ = {isa = PBXBuildFile; fileRef = DC50344F29E2DA780047269E /* SinglesCollectionViewHeader.swift */; };
		DC50345329E2F5000047269E /* Serials.swift in Sources */ = {isa = PBXBuildFile; fileRef = DC50345229E2F5000047269E /* Serials.swift */; };
		DC50345729E313170047269E /* SinglesTabBarController.swift in Sources */ = {isa = PBXBuildFile; fileRef = DC50345629E313170047269E /* SinglesTabBarController.swift */; };
		DC50347E29E3BE220047269E /* Segoe UI Regular.ttf in Resources */ = {isa = PBXBuildFile; fileRef = DC50347D29E3BE220047269E /* Segoe UI Regular.ttf */; };
		DC50348229E3DC4D0047269E /* TravelCollectionViewController.swift in Sources */ = {isa = PBXBuildFile; fileRef = DC50348129E3DC4D0047269E /* TravelCollectionViewController.swift */; };
		DC50348429E3DD800047269E /* TravelCell.swift in Sources */ = {isa = PBXBuildFile; fileRef = DC50348329E3DD800047269E /* TravelCell.swift */; };
		DC50348629E3DDA50047269E /* TravelHeader.swift in Sources */ = {isa = PBXBuildFile; fileRef = DC50348529E3DDA50047269E /* TravelHeader.swift */; };
		DC50348829E3E71B0047269E /* NotoSans-Medium.ttf in Resources */ = {isa = PBXBuildFile; fileRef = DC50348729E3E71B0047269E /* NotoSans-Medium.ttf */; };
		DC50348A29E3E7960047269E /* NotoSans-Regular.ttf in Resources */ = {isa = PBXBuildFile; fileRef = DC50348929E3E7960047269E /* NotoSans-Regular.ttf */; };
		DC50348E29E3F3610047269E /* FinanceTabBarController.swift in Sources */ = {isa = PBXBuildFile; fileRef = DC50348D29E3F3610047269E /* FinanceTabBarController.swift */; };
		DC50349029E3F64F0047269E /* FinanceCollectionViewController.swift in Sources */ = {isa = PBXBuildFile; fileRef = DC50348F29E3F64F0047269E /* FinanceCollectionViewController.swift */; };
		DC50349229E3F7350047269E /* FinanceCell.swift in Sources */ = {isa = PBXBuildFile; fileRef = DC50349129E3F7350047269E /* FinanceCell.swift */; };
		DC50349629E3F8280047269E /* FInanceViewController.swift in Sources */ = {isa = PBXBuildFile; fileRef = DC50349529E3F8280047269E /* FInanceViewController.swift */; };
		DC50349829E3FAED0047269E /* Finance.swift in Sources */ = {isa = PBXBuildFile; fileRef = DC50349729E3FAED0047269E /* Finance.swift */; };
		DC50349C29E4029B0047269E /* Inter-Light.ttf in Resources */ = {isa = PBXBuildFile; fileRef = DC50349929E4029B0047269E /* Inter-Light.ttf */; };
		DC50349D29E4029B0047269E /* Inter-Medium.ttf in Resources */ = {isa = PBXBuildFile; fileRef = DC50349A29E4029B0047269E /* Inter-Medium.ttf */; };
		DC50349E29E4029B0047269E /* Inter-SemiBold.ttf in Resources */ = {isa = PBXBuildFile; fileRef = DC50349B29E4029B0047269E /* Inter-SemiBold.ttf */; };
		DC5034A029E41B020047269E /* FinanceFooter.swift in Sources */ = {isa = PBXBuildFile; fileRef = DC50349F29E41B020047269E /* FinanceFooter.swift */; };
		DC5034A329E41D520047269E /* Inter-Bold.ttf in Resources */ = {isa = PBXBuildFile; fileRef = DC5034A129E41D520047269E /* Inter-Bold.ttf */; };
		DC5034A429E41D520047269E /* Inter-Regular.ttf in Resources */ = {isa = PBXBuildFile; fileRef = DC5034A229E41D520047269E /* Inter-Regular.ttf */; };
		DC5034A829E420A60047269E /* CryptoTabBarController.swift in Sources */ = {isa = PBXBuildFile; fileRef = DC5034A729E420A60047269E /* CryptoTabBarController.swift */; };
		DC5034AA29E421E20047269E /* CryptoMainViewController.swift in Sources */ = {isa = PBXBuildFile; fileRef = DC5034A929E421E20047269E /* CryptoMainViewController.swift */; };
		DC5034AC29E422360047269E /* CryptoCollectionViewController.swift in Sources */ = {isa = PBXBuildFile; fileRef = DC5034AB29E422360047269E /* CryptoCollectionViewController.swift */; };
		DC5034AE29E423420047269E /* SegoeUI-Bold.ttf in Resources */ = {isa = PBXBuildFile; fileRef = DC5034AD29E423420047269E /* SegoeUI-Bold.ttf */; };
		DC5034B029E438230047269E /* CryptoCell.swift in Sources */ = {isa = PBXBuildFile; fileRef = DC5034AF29E438230047269E /* CryptoCell.swift */; };
		DC5034B229E439080047269E /* Crypto.swift in Sources */ = {isa = PBXBuildFile; fileRef = DC5034B129E439080047269E /* Crypto.swift */; };
		DC5034B429E43C730047269E /* SegoeUI-Semibold.ttf in Resources */ = {isa = PBXBuildFile; fileRef = DC5034B329E43C730047269E /* SegoeUI-Semibold.ttf */; };
		DCB34D3029E4EC5E0051FF6C /* WeatherMainViewController.swift in Sources */ = {isa = PBXBuildFile; fileRef = DCB34D2F29E4EC5E0051FF6C /* WeatherMainViewController.swift */; };
		DCB34D3429E524520051FF6C /* Overpass-Bold.ttf in Resources */ = {isa = PBXBuildFile; fileRef = DCB34D3329E524520051FF6C /* Overpass-Bold.ttf */; };
		DCB34D3729E52E850051FF6C /* Shadow.swift in Sources */ = {isa = PBXBuildFile; fileRef = DCB34D3629E52E850051FF6C /* Shadow.swift */; };
		DCB34D3929E52F2E0051FF6C /* WeatherMiddleViewController.swift in Sources */ = {isa = PBXBuildFile; fileRef = DCB34D3829E52F2E0051FF6C /* WeatherMiddleViewController.swift */; };
		DCB34D3B29E532BE0051FF6C /* Overpass-Regular.ttf in Resources */ = {isa = PBXBuildFile; fileRef = DCB34D3A29E532BE0051FF6C /* Overpass-Regular.ttf */; };
		DCB34D3D29E53C7E0051FF6C /* Raleway-Light.ttf in Resources */ = {isa = PBXBuildFile; fileRef = DCB34D3C29E53C7E0051FF6C /* Raleway-Light.ttf */; };
		DCB34D3F29E553AB0051FF6C /* WeatherWeekViewController.swift in Sources */ = {isa = PBXBuildFile; fileRef = DCB34D3E29E553AB0051FF6C /* WeatherWeekViewController.swift */; };
		DCB34D4129E557CD0051FF6C /* Overpass-SemiBold.ttf in Resources */ = {isa = PBXBuildFile; fileRef = DCB34D4029E557CD0051FF6C /* Overpass-SemiBold.ttf */; };
		DCB34D4329E562510051FF6C /* WeatherMiddleCollectionViewController.swift in Sources */ = {isa = PBXBuildFile; fileRef = DCB34D4229E562510051FF6C /* WeatherMiddleCollectionViewController.swift */; };
		DCB34D4529E5650B0051FF6C /* WeatherBottomCollectionViewController.swift in Sources */ = {isa = PBXBuildFile; fileRef = DCB34D4429E5650A0051FF6C /* WeatherBottomCollectionViewController.swift */; };
/* End PBXBuildFile section */

/* Begin PBXFileReference section */
		3A746F171E802783060EDB51 /* Pods-Neobis_iOS_UIScreens.debug.xcconfig */ = {isa = PBXFileReference; includeInIndex = 1; lastKnownFileType = text.xcconfig; name = "Pods-Neobis_iOS_UIScreens.debug.xcconfig"; path = "Target Support Files/Pods-Neobis_iOS_UIScreens/Pods-Neobis_iOS_UIScreens.debug.xcconfig"; sourceTree = "<group>"; };
		8825881DB58DB072222B5FFE /* Pods-Neobis_iOS_UIScreens.release.xcconfig */ = {isa = PBXFileReference; includeInIndex = 1; lastKnownFileType = text.xcconfig; name = "Pods-Neobis_iOS_UIScreens.release.xcconfig"; path = "Target Support Files/Pods-Neobis_iOS_UIScreens/Pods-Neobis_iOS_UIScreens.release.xcconfig"; sourceTree = "<group>"; };
		AA56811A4074D390DD14D728 /* Pods_Neobis_iOS_UIScreens.framework */ = {isa = PBXFileReference; explicitFileType = wrapper.framework; includeInIndex = 0; path = Pods_Neobis_iOS_UIScreens.framework; sourceTree = BUILT_PRODUCTS_DIR; };
		DC50342B29E2A88E0047269E /* Neobis_iOS_UIScreens.app */ = {isa = PBXFileReference; explicitFileType = wrapper.application; includeInIndex = 0; path = Neobis_iOS_UIScreens.app; sourceTree = BUILT_PRODUCTS_DIR; };
		DC50342E29E2A88E0047269E /* AppDelegate.swift */ = {isa = PBXFileReference; lastKnownFileType = sourcecode.swift; path = AppDelegate.swift; sourceTree = "<group>"; };
		DC50343029E2A88E0047269E /* SceneDelegate.swift */ = {isa = PBXFileReference; lastKnownFileType = sourcecode.swift; path = SceneDelegate.swift; sourceTree = "<group>"; };
		DC50343229E2A88E0047269E /* MainViewController.swift */ = {isa = PBXFileReference; lastKnownFileType = sourcecode.swift; path = MainViewController.swift; sourceTree = "<group>"; };
		DC50343529E2A88E0047269E /* Base */ = {isa = PBXFileReference; lastKnownFileType = file.storyboard; name = Base; path = Base.lproj/Main.storyboard; sourceTree = "<group>"; };
		DC50343729E2A8910047269E /* Assets.xcassets */ = {isa = PBXFileReference; lastKnownFileType = folder.assetcatalog; path = Assets.xcassets; sourceTree = "<group>"; };
		DC50343A29E2A8910047269E /* Base */ = {isa = PBXFileReference; lastKnownFileType = file.storyboard; name = Base; path = Base.lproj/LaunchScreen.storyboard; sourceTree = "<group>"; };
		DC50343C29E2A8910047269E /* Info.plist */ = {isa = PBXFileReference; lastKnownFileType = text.plist.xml; path = Info.plist; sourceTree = "<group>"; };
		DC50344529E2B7BD0047269E /* MainViewCell.swift */ = {isa = PBXFileReference; lastKnownFileType = sourcecode.swift; path = MainViewCell.swift; sourceTree = "<group>"; };
		DC50344A29E2D8700047269E /* SinglesCollectionViewController.swift */ = {isa = PBXFileReference; lastKnownFileType = sourcecode.swift; path = SinglesCollectionViewController.swift; sourceTree = "<group>"; };
		DC50344D29E2D9690047269E /* SinglesCollectionViewCell.swift */ = {isa = PBXFileReference; lastKnownFileType = sourcecode.swift; path = SinglesCollectionViewCell.swift; sourceTree = "<group>"; };
		DC50344F29E2DA780047269E /* SinglesCollectionViewHeader.swift */ = {isa = PBXFileReference; lastKnownFileType = sourcecode.swift; path = SinglesCollectionViewHeader.swift; sourceTree = "<group>"; };
		DC50345229E2F5000047269E /* Serials.swift */ = {isa = PBXFileReference; lastKnownFileType = sourcecode.swift; path = Serials.swift; sourceTree = "<group>"; };
		DC50345629E313170047269E /* SinglesTabBarController.swift */ = {isa = PBXFileReference; lastKnownFileType = sourcecode.swift; path = SinglesTabBarController.swift; sourceTree = "<group>"; };
		DC50347D29E3BE220047269E /* Segoe UI Regular.ttf */ = {isa = PBXFileReference; lastKnownFileType = file; path = "Segoe UI Regular.ttf"; sourceTree = "<group>"; };
		DC50348129E3DC4D0047269E /* TravelCollectionViewController.swift */ = {isa = PBXFileReference; lastKnownFileType = sourcecode.swift; path = TravelCollectionViewController.swift; sourceTree = "<group>"; };
		DC50348329E3DD800047269E /* TravelCell.swift */ = {isa = PBXFileReference; lastKnownFileType = sourcecode.swift; path = TravelCell.swift; sourceTree = "<group>"; };
		DC50348529E3DDA50047269E /* TravelHeader.swift */ = {isa = PBXFileReference; lastKnownFileType = sourcecode.swift; path = TravelHeader.swift; sourceTree = "<group>"; };
		DC50348729E3E71B0047269E /* NotoSans-Medium.ttf */ = {isa = PBXFileReference; lastKnownFileType = file; path = "NotoSans-Medium.ttf"; sourceTree = "<group>"; };
		DC50348929E3E7960047269E /* NotoSans-Regular.ttf */ = {isa = PBXFileReference; lastKnownFileType = file; path = "NotoSans-Regular.ttf"; sourceTree = "<group>"; };
		DC50348D29E3F3610047269E /* FinanceTabBarController.swift */ = {isa = PBXFileReference; lastKnownFileType = sourcecode.swift; path = FinanceTabBarController.swift; sourceTree = "<group>"; };
		DC50348F29E3F64F0047269E /* FinanceCollectionViewController.swift */ = {isa = PBXFileReference; lastKnownFileType = sourcecode.swift; path = FinanceCollectionViewController.swift; sourceTree = "<group>"; };
		DC50349129E3F7350047269E /* FinanceCell.swift */ = {isa = PBXFileReference; lastKnownFileType = sourcecode.swift; path = FinanceCell.swift; sourceTree = "<group>"; };
		DC50349529E3F8280047269E /* FInanceViewController.swift */ = {isa = PBXFileReference; lastKnownFileType = sourcecode.swift; path = FInanceViewController.swift; sourceTree = "<group>"; };
		DC50349729E3FAED0047269E /* Finance.swift */ = {isa = PBXFileReference; lastKnownFileType = sourcecode.swift; path = Finance.swift; sourceTree = "<group>"; };
		DC50349929E4029B0047269E /* Inter-Light.ttf */ = {isa = PBXFileReference; lastKnownFileType = file; path = "Inter-Light.ttf"; sourceTree = "<group>"; };
		DC50349A29E4029B0047269E /* Inter-Medium.ttf */ = {isa = PBXFileReference; lastKnownFileType = file; path = "Inter-Medium.ttf"; sourceTree = "<group>"; };
		DC50349B29E4029B0047269E /* Inter-SemiBold.ttf */ = {isa = PBXFileReference; lastKnownFileType = file; path = "Inter-SemiBold.ttf"; sourceTree = "<group>"; };
		DC50349F29E41B020047269E /* FinanceFooter.swift */ = {isa = PBXFileReference; lastKnownFileType = sourcecode.swift; path = FinanceFooter.swift; sourceTree = "<group>"; };
		DC5034A129E41D520047269E /* Inter-Bold.ttf */ = {isa = PBXFileReference; lastKnownFileType = file; path = "Inter-Bold.ttf"; sourceTree = "<group>"; };
		DC5034A229E41D520047269E /* Inter-Regular.ttf */ = {isa = PBXFileReference; lastKnownFileType = file; path = "Inter-Regular.ttf"; sourceTree = "<group>"; };
		DC5034A729E420A60047269E /* CryptoTabBarController.swift */ = {isa = PBXFileReference; lastKnownFileType = sourcecode.swift; path = CryptoTabBarController.swift; sourceTree = "<group>"; };
		DC5034A929E421E20047269E /* CryptoMainViewController.swift */ = {isa = PBXFileReference; lastKnownFileType = sourcecode.swift; path = CryptoMainViewController.swift; sourceTree = "<group>"; };
		DC5034AB29E422360047269E /* CryptoCollectionViewController.swift */ = {isa = PBXFileReference; lastKnownFileType = sourcecode.swift; path = CryptoCollectionViewController.swift; sourceTree = "<group>"; };
		DC5034AD29E423420047269E /* SegoeUI-Bold.ttf */ = {isa = PBXFileReference; lastKnownFileType = file; path = "SegoeUI-Bold.ttf"; sourceTree = "<group>"; };
		DC5034AF29E438230047269E /* CryptoCell.swift */ = {isa = PBXFileReference; lastKnownFileType = sourcecode.swift; path = CryptoCell.swift; sourceTree = "<group>"; };
		DC5034B129E439080047269E /* Crypto.swift */ = {isa = PBXFileReference; lastKnownFileType = sourcecode.swift; path = Crypto.swift; sourceTree = "<group>"; };
		DC5034B329E43C730047269E /* SegoeUI-Semibold.ttf */ = {isa = PBXFileReference; lastKnownFileType = file; path = "SegoeUI-Semibold.ttf"; sourceTree = "<group>"; };
		DCB34D2F29E4EC5E0051FF6C /* WeatherMainViewController.swift */ = {isa = PBXFileReference; lastKnownFileType = sourcecode.swift; path = WeatherMainViewController.swift; sourceTree = "<group>"; };
		DCB34D3329E524520051FF6C /* Overpass-Bold.ttf */ = {isa = PBXFileReference; lastKnownFileType = file; path = "Overpass-Bold.ttf"; sourceTree = "<group>"; };
		DCB34D3629E52E850051FF6C /* Shadow.swift */ = {isa = PBXFileReference; lastKnownFileType = sourcecode.swift; path = Shadow.swift; sourceTree = "<group>"; };
		DCB34D3829E52F2E0051FF6C /* WeatherMiddleViewController.swift */ = {isa = PBXFileReference; lastKnownFileType = sourcecode.swift; path = WeatherMiddleViewController.swift; sourceTree = "<group>"; };
		DCB34D3A29E532BE0051FF6C /* Overpass-Regular.ttf */ = {isa = PBXFileReference; lastKnownFileType = file; path = "Overpass-Regular.ttf"; sourceTree = "<group>"; };
		DCB34D3C29E53C7E0051FF6C /* Raleway-Light.ttf */ = {isa = PBXFileReference; lastKnownFileType = file; path = "Raleway-Light.ttf"; sourceTree = "<group>"; };
		DCB34D3E29E553AB0051FF6C /* WeatherWeekViewController.swift */ = {isa = PBXFileReference; lastKnownFileType = sourcecode.swift; path = WeatherWeekViewController.swift; sourceTree = "<group>"; };
		DCB34D4029E557CD0051FF6C /* Overpass-SemiBold.ttf */ = {isa = PBXFileReference; lastKnownFileType = file; path = "Overpass-SemiBold.ttf"; sourceTree = "<group>"; };
		DCB34D4229E562510051FF6C /* WeatherMiddleCollectionViewController.swift */ = {isa = PBXFileReference; lastKnownFileType = sourcecode.swift; path = WeatherMiddleCollectionViewController.swift; sourceTree = "<group>"; };
		DCB34D4429E5650A0051FF6C /* WeatherBottomCollectionViewController.swift */ = {isa = PBXFileReference; lastKnownFileType = sourcecode.swift; path = WeatherBottomCollectionViewController.swift; sourceTree = "<group>"; };
/* End PBXFileReference section */

/* Begin PBXFrameworksBuildPhase section */
		DC50342829E2A88E0047269E /* Frameworks */ = {
			isa = PBXFrameworksBuildPhase;
			buildActionMask = 2147483647;
			files = (
				06225A76DCF95480DBB1FB43 /* Pods_Neobis_iOS_UIScreens.framework in Frameworks */,
			);
			runOnlyForDeploymentPostprocessing = 0;
		};
/* End PBXFrameworksBuildPhase section */

/* Begin PBXGroup section */
		2AEDAF6A0543ED789355B243 /* Pods */ = {
			isa = PBXGroup;
			children = (
				3A746F171E802783060EDB51 /* Pods-Neobis_iOS_UIScreens.debug.xcconfig */,
				8825881DB58DB072222B5FFE /* Pods-Neobis_iOS_UIScreens.release.xcconfig */,
			);
			path = Pods;
			sourceTree = "<group>";
		};
		DC50342229E2A88E0047269E = {
			isa = PBXGroup;
			children = (
				DC50342D29E2A88E0047269E /* Neobis_iOS_UIScreens */,
				DC50342C29E2A88E0047269E /* Products */,
				2AEDAF6A0543ED789355B243 /* Pods */,
				E5546DFD3960B0863C450E29 /* Frameworks */,
			);
			sourceTree = "<group>";
		};
		DC50342C29E2A88E0047269E /* Products */ = {
			isa = PBXGroup;
			children = (
				DC50342B29E2A88E0047269E /* Neobis_iOS_UIScreens.app */,
			);
			name = Products;
			sourceTree = "<group>";
		};
		DC50342D29E2A88E0047269E /* Neobis_iOS_UIScreens */ = {
			isa = PBXGroup;
			children = (
				DC50345129E2F4EE0047269E /* Model */,
				DC50344429E2B7AC0047269E /* Controller */,
				DC50344329E2B7A60047269E /* View */,
				DCB34D3529E52E740051FF6C /* Helper */,
				DC50347829E3BA920047269E /* Fonts */,
				DC50344229E2B7970047269E /* Delegate */,
				DC50343429E2A88E0047269E /* Main.storyboard */,
				DC50343729E2A8910047269E /* Assets.xcassets */,
				DC50343929E2A8910047269E /* LaunchScreen.storyboard */,
				DC50343C29E2A8910047269E /* Info.plist */,
			);
			path = Neobis_iOS_UIScreens;
			sourceTree = "<group>";
		};
		DC50344229E2B7970047269E /* Delegate */ = {
			isa = PBXGroup;
			children = (
				DC50342E29E2A88E0047269E /* AppDelegate.swift */,
				DC50343029E2A88E0047269E /* SceneDelegate.swift */,
			);
			path = Delegate;
			sourceTree = "<group>";
		};
		DC50344329E2B7A60047269E /* View */ = {
			isa = PBXGroup;
			children = (
				DC50344529E2B7BD0047269E /* MainViewCell.swift */,
				DC50344C29E2D8780047269E /* Singles */,
				DC50348029E3DC1A0047269E /* Travel */,
				DC50348C29E3F13A0047269E /* Finance */,
				DC5034A629E420190047269E /* Crypto */,
				DCB34D2E29E4EC200051FF6C /* Weather */,
			);
			path = View;
			sourceTree = "<group>";
		};
		DC50344429E2B7AC0047269E /* Controller */ = {
			isa = PBXGroup;
			children = (
				DC50343229E2A88E0047269E /* MainViewController.swift */,
				DC50344729E2CD440047269E /* Singles */,
				DC50347F29E3DC0D0047269E /* Travel */,
				DC50348B29E3F1340047269E /* Finance */,
				DC5034A529E420000047269E /* Crypto */,
				DCB34D2D29E4EC190051FF6C /* Weather */,
			);
			path = Controller;
			sourceTree = "<group>";
		};
		DC50344729E2CD440047269E /* Singles */ = {
			isa = PBXGroup;
			children = (
				DC50345629E313170047269E /* SinglesTabBarController.swift */,
				DC50344A29E2D8700047269E /* SinglesCollectionViewController.swift */,
			);
			path = Singles;
			sourceTree = "<group>";
		};
		DC50344C29E2D8780047269E /* Singles */ = {
			isa = PBXGroup;
			children = (
				DC50344D29E2D9690047269E /* SinglesCollectionViewCell.swift */,
				DC50344F29E2DA780047269E /* SinglesCollectionViewHeader.swift */,
			);
			path = Singles;
			sourceTree = "<group>";
		};
		DC50345129E2F4EE0047269E /* Model */ = {
			isa = PBXGroup;
			children = (
				DC50345229E2F5000047269E /* Serials.swift */,
				DC50349729E3FAED0047269E /* Finance.swift */,
				DC5034B129E439080047269E /* Crypto.swift */,
			);
			path = Model;
			sourceTree = "<group>";
		};
		DC50347829E3BA920047269E /* Fonts */ = {
			isa = PBXGroup;
			children = (
				DCB34D3C29E53C7E0051FF6C /* Raleway-Light.ttf */,
				DCB34D4029E557CD0051FF6C /* Overpass-SemiBold.ttf */,
				DCB34D3329E524520051FF6C /* Overpass-Bold.ttf */,
				DCB34D3A29E532BE0051FF6C /* Overpass-Regular.ttf */,
				DC5034B329E43C730047269E /* SegoeUI-Semibold.ttf */,
				DC5034A129E41D520047269E /* Inter-Bold.ttf */,
				DC5034A229E41D520047269E /* Inter-Regular.ttf */,
				DC50349929E4029B0047269E /* Inter-Light.ttf */,
				DC50349A29E4029B0047269E /* Inter-Medium.ttf */,
				DC50349B29E4029B0047269E /* Inter-SemiBold.ttf */,
				DC50347D29E3BE220047269E /* Segoe UI Regular.ttf */,
				DC5034AD29E423420047269E /* SegoeUI-Bold.ttf */,
				DC50348729E3E71B0047269E /* NotoSans-Medium.ttf */,
				DC50348929E3E7960047269E /* NotoSans-Regular.ttf */,
			);
			path = Fonts;
			sourceTree = "<group>";
		};
		DC50347F29E3DC0D0047269E /* Travel */ = {
			isa = PBXGroup;
			children = (
				DC50348129E3DC4D0047269E /* TravelCollectionViewController.swift */,
			);
			path = Travel;
			sourceTree = "<group>";
		};
		DC50348029E3DC1A0047269E /* Travel */ = {
			isa = PBXGroup;
			children = (
				DC50348329E3DD800047269E /* TravelCell.swift */,
				DC50348529E3DDA50047269E /* TravelHeader.swift */,
			);
			path = Travel;
			sourceTree = "<group>";
		};
		DC50348B29E3F1340047269E /* Finance */ = {
			isa = PBXGroup;
			children = (
				DC50348D29E3F3610047269E /* FinanceTabBarController.swift */,
				DC50349529E3F8280047269E /* FInanceViewController.swift */,
				DC50348F29E3F64F0047269E /* FinanceCollectionViewController.swift */,
			);
			path = Finance;
			sourceTree = "<group>";
		};
		DC50348C29E3F13A0047269E /* Finance */ = {
			isa = PBXGroup;
			children = (
				DC50349129E3F7350047269E /* FinanceCell.swift */,
				DC50349F29E41B020047269E /* FinanceFooter.swift */,
			);
			path = Finance;
			sourceTree = "<group>";
		};
		DC5034A529E420000047269E /* Crypto */ = {
			isa = PBXGroup;
			children = (
				DC5034A729E420A60047269E /* CryptoTabBarController.swift */,
				DC5034A929E421E20047269E /* CryptoMainViewController.swift */,
				DC5034AB29E422360047269E /* CryptoCollectionViewController.swift */,
			);
			path = Crypto;
			sourceTree = "<group>";
		};
		DC5034A629E420190047269E /* Crypto */ = {
			isa = PBXGroup;
			children = (
				DC5034AF29E438230047269E /* CryptoCell.swift */,
			);
			path = Crypto;
			sourceTree = "<group>";
		};
		DCB34D2D29E4EC190051FF6C /* Weather */ = {
			isa = PBXGroup;
			children = (
				DCB34D2F29E4EC5E0051FF6C /* WeatherMainViewController.swift */,
				DCB34D3829E52F2E0051FF6C /* WeatherMiddleViewController.swift */,
				DCB34D3E29E553AB0051FF6C /* WeatherWeekViewController.swift */,
				DCB34D4229E562510051FF6C /* WeatherMiddleCollectionViewController.swift */,
				DCB34D4429E5650A0051FF6C /* WeatherBottomCollectionViewController.swift */,
			);
			path = Weather;
			sourceTree = "<group>";
		};
		DCB34D2E29E4EC200051FF6C /* Weather */ = {
			isa = PBXGroup;
			children = (
			);
			path = Weather;
			sourceTree = "<group>";
		};
		DCB34D3529E52E740051FF6C /* Helper */ = {
			isa = PBXGroup;
			children = (
				DCB34D3629E52E850051FF6C /* Shadow.swift */,
			);
			path = Helper;
			sourceTree = "<group>";
		};
		E5546DFD3960B0863C450E29 /* Frameworks */ = {
			isa = PBXGroup;
			children = (
				AA56811A4074D390DD14D728 /* Pods_Neobis_iOS_UIScreens.framework */,
			);
			name = Frameworks;
			sourceTree = "<group>";
		};
/* End PBXGroup section */

/* Begin PBXNativeTarget section */
		DC50342A29E2A88E0047269E /* Neobis_iOS_UIScreens */ = {
			isa = PBXNativeTarget;
			buildConfigurationList = DC50343F29E2A8910047269E /* Build configuration list for PBXNativeTarget "Neobis_iOS_UIScreens" */;
			buildPhases = (
				4EC1F050FC3E2523CE0D4C55 /* [CP] Check Pods Manifest.lock */,
				DC50342729E2A88E0047269E /* Sources */,
				DC50342829E2A88E0047269E /* Frameworks */,
				DC50342929E2A88E0047269E /* Resources */,
				5DF2A2A058FFA377AD70F91E /* [CP] Embed Pods Frameworks */,
			);
			buildRules = (
			);
			dependencies = (
			);
			name = Neobis_iOS_UIScreens;
			productName = Neobis_iOS_UIScreens;
			productReference = DC50342B29E2A88E0047269E /* Neobis_iOS_UIScreens.app */;
			productType = "com.apple.product-type.application";
		};
/* End PBXNativeTarget section */

/* Begin PBXProject section */
		DC50342329E2A88E0047269E /* Project object */ = {
			isa = PBXProject;
			attributes = {
				BuildIndependentTargetsInParallel = 1;
				LastSwiftUpdateCheck = 1340;
				LastUpgradeCheck = 1340;
				TargetAttributes = {
					DC50342A29E2A88E0047269E = {
						CreatedOnToolsVersion = 13.4.1;
					};
				};
			};
			buildConfigurationList = DC50342629E2A88E0047269E /* Build configuration list for PBXProject "Neobis_iOS_UIScreens" */;
			compatibilityVersion = "Xcode 13.0";
			developmentRegion = en;
			hasScannedForEncodings = 0;
			knownRegions = (
				en,
				Base,
			);
			mainGroup = DC50342229E2A88E0047269E;
			productRefGroup = DC50342C29E2A88E0047269E /* Products */;
			projectDirPath = "";
			projectRoot = "";
			targets = (
				DC50342A29E2A88E0047269E /* Neobis_iOS_UIScreens */,
			);
		};
/* End PBXProject section */

/* Begin PBXResourcesBuildPhase section */
		DC50342929E2A88E0047269E /* Resources */ = {
			isa = PBXResourcesBuildPhase;
			buildActionMask = 2147483647;
			files = (
				DCB34D3B29E532BE0051FF6C /* Overpass-Regular.ttf in Resources */,
				DC50348A29E3E7960047269E /* NotoSans-Regular.ttf in Resources */,
				DC50343B29E2A8910047269E /* LaunchScreen.storyboard in Resources */,
				DC50343829E2A8910047269E /* Assets.xcassets in Resources */,
				DC50349E29E4029B0047269E /* Inter-SemiBold.ttf in Resources */,
				DC50343629E2A88E0047269E /* Main.storyboard in Resources */,
				DC50349D29E4029B0047269E /* Inter-Medium.ttf in Resources */,
				DCB34D3D29E53C7E0051FF6C /* Raleway-Light.ttf in Resources */,
				DC5034A329E41D520047269E /* Inter-Bold.ttf in Resources */,
				DC50347E29E3BE220047269E /* Segoe UI Regular.ttf in Resources */,
				DC5034B429E43C730047269E /* SegoeUI-Semibold.ttf in Resources */,
				DC5034A429E41D520047269E /* Inter-Regular.ttf in Resources */,
				DCB34D3429E524520051FF6C /* Overpass-Bold.ttf in Resources */,
				DC50348829E3E71B0047269E /* NotoSans-Medium.ttf in Resources */,
				DC50349C29E4029B0047269E /* Inter-Light.ttf in Resources */,
				DC5034AE29E423420047269E /* SegoeUI-Bold.ttf in Resources */,
				DCB34D4129E557CD0051FF6C /* Overpass-SemiBold.ttf in Resources */,
			);
			runOnlyForDeploymentPostprocessing = 0;
		};
/* End PBXResourcesBuildPhase section */

/* Begin PBXShellScriptBuildPhase section */
		4EC1F050FC3E2523CE0D4C55 /* [CP] Check Pods Manifest.lock */ = {
			isa = PBXShellScriptBuildPhase;
			buildActionMask = 2147483647;
			files = (
			);
			inputFileListPaths = (
			);
			inputPaths = (
				"${PODS_PODFILE_DIR_PATH}/Podfile.lock",
				"${PODS_ROOT}/Manifest.lock",
			);
			name = "[CP] Check Pods Manifest.lock";
			outputFileListPaths = (
			);
			outputPaths = (
				"$(DERIVED_FILE_DIR)/Pods-Neobis_iOS_UIScreens-checkManifestLockResult.txt",
			);
			runOnlyForDeploymentPostprocessing = 0;
			shellPath = /bin/sh;
			shellScript = "diff \"${PODS_PODFILE_DIR_PATH}/Podfile.lock\" \"${PODS_ROOT}/Manifest.lock\" > /dev/null\nif [ $? != 0 ] ; then\n    # print error to STDERR\n    echo \"error: The sandbox is not in sync with the Podfile.lock. Run 'pod install' or update your CocoaPods installation.\" >&2\n    exit 1\nfi\n# This output is used by Xcode 'outputs' to avoid re-running this script phase.\necho \"SUCCESS\" > \"${SCRIPT_OUTPUT_FILE_0}\"\n";
			showEnvVarsInLog = 0;
		};
		5DF2A2A058FFA377AD70F91E /* [CP] Embed Pods Frameworks */ = {
			isa = PBXShellScriptBuildPhase;
			buildActionMask = 2147483647;
			files = (
			);
			inputFileListPaths = (
				"${PODS_ROOT}/Target Support Files/Pods-Neobis_iOS_UIScreens/Pods-Neobis_iOS_UIScreens-frameworks-${CONFIGURATION}-input-files.xcfilelist",
			);
			name = "[CP] Embed Pods Frameworks";
			outputFileListPaths = (
				"${PODS_ROOT}/Target Support Files/Pods-Neobis_iOS_UIScreens/Pods-Neobis_iOS_UIScreens-frameworks-${CONFIGURATION}-output-files.xcfilelist",
			);
			runOnlyForDeploymentPostprocessing = 0;
			shellPath = /bin/sh;
			shellScript = "\"${PODS_ROOT}/Target Support Files/Pods-Neobis_iOS_UIScreens/Pods-Neobis_iOS_UIScreens-frameworks.sh\"\n";
			showEnvVarsInLog = 0;
		};
/* End PBXShellScriptBuildPhase section */

/* Begin PBXSourcesBuildPhase section */
		DC50342729E2A88E0047269E /* Sources */ = {
			isa = PBXSourcesBuildPhase;
			buildActionMask = 2147483647;
			files = (
				DC50345729E313170047269E /* SinglesTabBarController.swift in Sources */,
				DC50348429E3DD800047269E /* TravelCell.swift in Sources */,
				DC50344B29E2D8700047269E /* SinglesCollectionViewController.swift in Sources */,
				DC5034AC29E422360047269E /* CryptoCollectionViewController.swift in Sources */,
				DC50343329E2A88E0047269E /* MainViewController.swift in Sources */,
				DC50348629E3DDA50047269E /* TravelHeader.swift in Sources */,
				DC50345029E2DA780047269E /* SinglesCollectionViewHeader.swift in Sources */,
				DC5034A829E420A60047269E /* CryptoTabBarController.swift in Sources */,
				DC50344629E2B7BD0047269E /* MainViewCell.swift in Sources */,
				DC5034B029E438230047269E /* CryptoCell.swift in Sources */,
				DC50349829E3FAED0047269E /* Finance.swift in Sources */,
				DC50345329E2F5000047269E /* Serials.swift in Sources */,
				DCB34D4529E5650B0051FF6C /* WeatherBottomCollectionViewController.swift in Sources */,
				DCB34D4329E562510051FF6C /* WeatherMiddleCollectionViewController.swift in Sources */,
				DCB34D3F29E553AB0051FF6C /* WeatherWeekViewController.swift in Sources */,
				DCB34D3729E52E850051FF6C /* Shadow.swift in Sources */,
				DC5034AA29E421E20047269E /* CryptoMainViewController.swift in Sources */,
				DC5034B229E439080047269E /* Crypto.swift in Sources */,
				DC50344E29E2D9690047269E /* SinglesCollectionViewCell.swift in Sources */,
				DC50342F29E2A88E0047269E /* AppDelegate.swift in Sources */,
				DC50348229E3DC4D0047269E /* TravelCollectionViewController.swift in Sources */,
				DC50343129E2A88E0047269E /* SceneDelegate.swift in Sources */,
				DC5034A029E41B020047269E /* FinanceFooter.swift in Sources */,
				DC50348E29E3F3610047269E /* FinanceTabBarController.swift in Sources */,
				DC50349629E3F8280047269E /* FInanceViewController.swift in Sources */,
				DCB34D3929E52F2E0051FF6C /* WeatherMiddleViewController.swift in Sources */,
				DC50349029E3F64F0047269E /* FinanceCollectionViewController.swift in Sources */,
				DCB34D3029E4EC5E0051FF6C /* WeatherMainViewController.swift in Sources */,
				DC50349229E3F7350047269E /* FinanceCell.swift in Sources */,
			);
			runOnlyForDeploymentPostprocessing = 0;
		};
/* End PBXSourcesBuildPhase section */

/* Begin PBXVariantGroup section */
		DC50343429E2A88E0047269E /* Main.storyboard */ = {
			isa = PBXVariantGroup;
			children = (
				DC50343529E2A88E0047269E /* Base */,
			);
			name = Main.storyboard;
			sourceTree = "<group>";
		};
		DC50343929E2A8910047269E /* LaunchScreen.storyboard */ = {
			isa = PBXVariantGroup;
			children = (
				DC50343A29E2A8910047269E /* Base */,
			);
			name = LaunchScreen.storyboard;
			sourceTree = "<group>";
		};
/* End PBXVariantGroup section */

/* Begin XCBuildConfiguration section */
		DC50343D29E2A8910047269E /* Debug */ = {
			isa = XCBuildConfiguration;
			buildSettings = {
				ALWAYS_SEARCH_USER_PATHS = NO;
				CLANG_ANALYZER_NONNULL = YES;
				CLANG_ANALYZER_NUMBER_OBJECT_CONVERSION = YES_AGGRESSIVE;
				CLANG_CXX_LANGUAGE_STANDARD = "gnu++17";
				CLANG_ENABLE_MODULES = YES;
				CLANG_ENABLE_OBJC_ARC = YES;
				CLANG_ENABLE_OBJC_WEAK = YES;
				CLANG_WARN_BLOCK_CAPTURE_AUTORELEASING = YES;
				CLANG_WARN_BOOL_CONVERSION = YES;
				CLANG_WARN_COMMA = YES;
				CLANG_WARN_CONSTANT_CONVERSION = YES;
				CLANG_WARN_DEPRECATED_OBJC_IMPLEMENTATIONS = YES;
				CLANG_WARN_DIRECT_OBJC_ISA_USAGE = YES_ERROR;
				CLANG_WARN_DOCUMENTATION_COMMENTS = YES;
				CLANG_WARN_EMPTY_BODY = YES;
				CLANG_WARN_ENUM_CONVERSION = YES;
				CLANG_WARN_INFINITE_RECURSION = YES;
				CLANG_WARN_INT_CONVERSION = YES;
				CLANG_WARN_NON_LITERAL_NULL_CONVERSION = YES;
				CLANG_WARN_OBJC_IMPLICIT_RETAIN_SELF = YES;
				CLANG_WARN_OBJC_LITERAL_CONVERSION = YES;
				CLANG_WARN_OBJC_ROOT_CLASS = YES_ERROR;
				CLANG_WARN_QUOTED_INCLUDE_IN_FRAMEWORK_HEADER = YES;
				CLANG_WARN_RANGE_LOOP_ANALYSIS = YES;
				CLANG_WARN_STRICT_PROTOTYPES = YES;
				CLANG_WARN_SUSPICIOUS_MOVE = YES;
				CLANG_WARN_UNGUARDED_AVAILABILITY = YES_AGGRESSIVE;
				CLANG_WARN_UNREACHABLE_CODE = YES;
				CLANG_WARN__DUPLICATE_METHOD_MATCH = YES;
				COPY_PHASE_STRIP = NO;
				DEBUG_INFORMATION_FORMAT = dwarf;
				ENABLE_STRICT_OBJC_MSGSEND = YES;
				ENABLE_TESTABILITY = YES;
				GCC_C_LANGUAGE_STANDARD = gnu11;
				GCC_DYNAMIC_NO_PIC = NO;
				GCC_NO_COMMON_BLOCKS = YES;
				GCC_OPTIMIZATION_LEVEL = 0;
				GCC_PREPROCESSOR_DEFINITIONS = (
					"DEBUG=1",
					"$(inherited)",
				);
				GCC_WARN_64_TO_32_BIT_CONVERSION = YES;
				GCC_WARN_ABOUT_RETURN_TYPE = YES_ERROR;
				GCC_WARN_UNDECLARED_SELECTOR = YES;
				GCC_WARN_UNINITIALIZED_AUTOS = YES_AGGRESSIVE;
				GCC_WARN_UNUSED_FUNCTION = YES;
				GCC_WARN_UNUSED_VARIABLE = YES;
				IPHONEOS_DEPLOYMENT_TARGET = 15.5;
				MTL_ENABLE_DEBUG_INFO = INCLUDE_SOURCE;
				MTL_FAST_MATH = YES;
				ONLY_ACTIVE_ARCH = YES;
				SDKROOT = iphoneos;
				SWIFT_ACTIVE_COMPILATION_CONDITIONS = DEBUG;
				SWIFT_OPTIMIZATION_LEVEL = "-Onone";
			};
			name = Debug;
		};
		DC50343E29E2A8910047269E /* Release */ = {
			isa = XCBuildConfiguration;
			buildSettings = {
				ALWAYS_SEARCH_USER_PATHS = NO;
				CLANG_ANALYZER_NONNULL = YES;
				CLANG_ANALYZER_NUMBER_OBJECT_CONVERSION = YES_AGGRESSIVE;
				CLANG_CXX_LANGUAGE_STANDARD = "gnu++17";
				CLANG_ENABLE_MODULES = YES;
				CLANG_ENABLE_OBJC_ARC = YES;
				CLANG_ENABLE_OBJC_WEAK = YES;
				CLANG_WARN_BLOCK_CAPTURE_AUTORELEASING = YES;
				CLANG_WARN_BOOL_CONVERSION = YES;
				CLANG_WARN_COMMA = YES;
				CLANG_WARN_CONSTANT_CONVERSION = YES;
				CLANG_WARN_DEPRECATED_OBJC_IMPLEMENTATIONS = YES;
				CLANG_WARN_DIRECT_OBJC_ISA_USAGE = YES_ERROR;
				CLANG_WARN_DOCUMENTATION_COMMENTS = YES;
				CLANG_WARN_EMPTY_BODY = YES;
				CLANG_WARN_ENUM_CONVERSION = YES;
				CLANG_WARN_INFINITE_RECURSION = YES;
				CLANG_WARN_INT_CONVERSION = YES;
				CLANG_WARN_NON_LITERAL_NULL_CONVERSION = YES;
				CLANG_WARN_OBJC_IMPLICIT_RETAIN_SELF = YES;
				CLANG_WARN_OBJC_LITERAL_CONVERSION = YES;
				CLANG_WARN_OBJC_ROOT_CLASS = YES_ERROR;
				CLANG_WARN_QUOTED_INCLUDE_IN_FRAMEWORK_HEADER = YES;
				CLANG_WARN_RANGE_LOOP_ANALYSIS = YES;
				CLANG_WARN_STRICT_PROTOTYPES = YES;
				CLANG_WARN_SUSPICIOUS_MOVE = YES;
				CLANG_WARN_UNGUARDED_AVAILABILITY = YES_AGGRESSIVE;
				CLANG_WARN_UNREACHABLE_CODE = YES;
				CLANG_WARN__DUPLICATE_METHOD_MATCH = YES;
				COPY_PHASE_STRIP = NO;
				DEBUG_INFORMATION_FORMAT = "dwarf-with-dsym";
				ENABLE_NS_ASSERTIONS = NO;
				ENABLE_STRICT_OBJC_MSGSEND = YES;
				GCC_C_LANGUAGE_STANDARD = gnu11;
				GCC_NO_COMMON_BLOCKS = YES;
				GCC_WARN_64_TO_32_BIT_CONVERSION = YES;
				GCC_WARN_ABOUT_RETURN_TYPE = YES_ERROR;
				GCC_WARN_UNDECLARED_SELECTOR = YES;
				GCC_WARN_UNINITIALIZED_AUTOS = YES_AGGRESSIVE;
				GCC_WARN_UNUSED_FUNCTION = YES;
				GCC_WARN_UNUSED_VARIABLE = YES;
				IPHONEOS_DEPLOYMENT_TARGET = 15.5;
				MTL_ENABLE_DEBUG_INFO = NO;
				MTL_FAST_MATH = YES;
				SDKROOT = iphoneos;
				SWIFT_COMPILATION_MODE = wholemodule;
				SWIFT_OPTIMIZATION_LEVEL = "-O";
				VALIDATE_PRODUCT = YES;
			};
			name = Release;
		};
		DC50344029E2A8910047269E /* Debug */ = {
			isa = XCBuildConfiguration;
			baseConfigurationReference = 3A746F171E802783060EDB51 /* Pods-Neobis_iOS_UIScreens.debug.xcconfig */;
			buildSettings = {
				ASSETCATALOG_COMPILER_APPICON_NAME = AppIcon;
				ASSETCATALOG_COMPILER_GLOBAL_ACCENT_COLOR_NAME = AccentColor;
				CODE_SIGN_STYLE = Automatic;
				CURRENT_PROJECT_VERSION = 1;
				GENERATE_INFOPLIST_FILE = YES;
				INFOPLIST_FILE = Neobis_iOS_UIScreens/Info.plist;
				INFOPLIST_KEY_UIApplicationSupportsIndirectInputEvents = YES;
				INFOPLIST_KEY_UILaunchStoryboardName = LaunchScreen;
				INFOPLIST_KEY_UIMainStoryboardFile = Main;
				INFOPLIST_KEY_UISupportedInterfaceOrientations_iPad = "UIInterfaceOrientationPortrait UIInterfaceOrientationPortraitUpsideDown UIInterfaceOrientationLandscapeLeft UIInterfaceOrientationLandscapeRight";
				INFOPLIST_KEY_UISupportedInterfaceOrientations_iPhone = "UIInterfaceOrientationPortrait UIInterfaceOrientationLandscapeLeft UIInterfaceOrientationLandscapeRight";
				LD_RUNPATH_SEARCH_PATHS = (
					"$(inherited)",
					"@executable_path/Frameworks",
				);
				MARKETING_VERSION = 1.0;
				PRODUCT_BUNDLE_IDENTIFIER = "-.Neobis-iOS-UIScreens";
				PRODUCT_NAME = "$(TARGET_NAME)";
				SWIFT_EMIT_LOC_STRINGS = YES;
				SWIFT_VERSION = 5.0;
				TARGETED_DEVICE_FAMILY = 1;
			};
			name = Debug;
		};
		DC50344129E2A8910047269E /* Release */ = {
			isa = XCBuildConfiguration;
			baseConfigurationReference = 8825881DB58DB072222B5FFE /* Pods-Neobis_iOS_UIScreens.release.xcconfig */;
			buildSettings = {
				ASSETCATALOG_COMPILER_APPICON_NAME = AppIcon;
				ASSETCATALOG_COMPILER_GLOBAL_ACCENT_COLOR_NAME = AccentColor;
				CODE_SIGN_STYLE = Automatic;
				CURRENT_PROJECT_VERSION = 1;
				GENERATE_INFOPLIST_FILE = YES;
				INFOPLIST_FILE = Neobis_iOS_UIScreens/Info.plist;
				INFOPLIST_KEY_UIApplicationSupportsIndirectInputEvents = YES;
				INFOPLIST_KEY_UILaunchStoryboardName = LaunchScreen;
				INFOPLIST_KEY_UIMainStoryboardFile = Main;
				INFOPLIST_KEY_UISupportedInterfaceOrientations_iPad = "UIInterfaceOrientationPortrait UIInterfaceOrientationPortraitUpsideDown UIInterfaceOrientationLandscapeLeft UIInterfaceOrientationLandscapeRight";
				INFOPLIST_KEY_UISupportedInterfaceOrientations_iPhone = "UIInterfaceOrientationPortrait UIInterfaceOrientationLandscapeLeft UIInterfaceOrientationLandscapeRight";
				LD_RUNPATH_SEARCH_PATHS = (
					"$(inherited)",
					"@executable_path/Frameworks",
				);
				MARKETING_VERSION = 1.0;
				PRODUCT_BUNDLE_IDENTIFIER = "-.Neobis-iOS-UIScreens";
				PRODUCT_NAME = "$(TARGET_NAME)";
				SWIFT_EMIT_LOC_STRINGS = YES;
				SWIFT_VERSION = 5.0;
				TARGETED_DEVICE_FAMILY = 1;
			};
			name = Release;
		};
/* End XCBuildConfiguration section */

/* Begin XCConfigurationList section */
		DC50342629E2A88E0047269E /* Build configuration list for PBXProject "Neobis_iOS_UIScreens" */ = {
			isa = XCConfigurationList;
			buildConfigurations = (
				DC50343D29E2A8910047269E /* Debug */,
				DC50343E29E2A8910047269E /* Release */,
			);
			defaultConfigurationIsVisible = 0;
			defaultConfigurationName = Release;
		};
		DC50343F29E2A8910047269E /* Build configuration list for PBXNativeTarget "Neobis_iOS_UIScreens" */ = {
			isa = XCConfigurationList;
			buildConfigurations = (
				DC50344029E2A8910047269E /* Debug */,
				DC50344129E2A8910047269E /* Release */,
			);
			defaultConfigurationIsVisible = 0;
			defaultConfigurationName = Release;
		};
/* End XCConfigurationList section */
	};
	rootObject = DC50342329E2A88E0047269E /* Project object */;
}
